
Microsoft Visual Studio Solution File, Format Version 12.00
# Visual Studio Version 16
VisualStudioVersion = 16.0.31702.278
MinimumVisualStudioVersion = 10.0.40219.1
Project("{9A19103F-16F7-4668-BE54-9A1E7A4F7556}") = "Jot", "Jot\Jot.csproj", "{7A5BC491-8554-483B-A730-9658853332B3}"
EndProject
Global
	GlobalSection(SolutionConfigurationPlatforms) = preSolution
		Debug|Any CPU = Debug|Any CPU
		Release|Any CPU = Release|Any CPU
	EndGlobalSection
	GlobalSection(ProjectConfigurationPlatforms) = postSolution
		{7A5BC491-8554-483B-A730-9658853332B3}.Debug|Any CPU.ActiveCfg = Debug|Any CPU
		{7A5BC491-8554-483B-A730-9658853332B3}.Debug|Any CPU.Build.0 = Debug|Any CPU
		{7A5BC491-8554-483B-A730-9658853332B3}.Release|Any CPU.ActiveCfg = Release|Any CPU
		{7A5BC491-8554-483B-A730-9658853332B3}.Release|Any CPU.Build.0 = Release|Any CPU
	EndGlobalSection
	GlobalSection(SolutionProperties) = preSolution
		HideSolutionNode = FALSE
	EndGlobalSection
	GlobalSection(ExtensibilityGlobals) = postSolution
		SolutionGuid = {1DCAACFB-B255-4D0E-BE90-922C4BC0C373}
	EndGlobalSection
EndGlobal
